
Microsoft Visual Studio Solution File, Format Version 12.00
# Visual Studio 2012
Project("{FAE04EC0-301F-11D3-BF4B-00C04F79EFBC}") = "EntitlementAPI_AutoCAD", "EntitlementAPI_AutoCAD\EntitlementAPI_AutoCAD.csproj", "{712F52C8-6EAE-4A23-97EB-1BBE2E36BAEA}"
EndProject
Global
	GlobalSection(SolutionConfigurationPlatforms) = preSolution
		Debug|Any CPU = Debug|Any CPU
		Release|Any CPU = Release|Any CPU
	EndGlobalSection
	GlobalSection(ProjectConfigurationPlatforms) = postSolution
		{712F52C8-6EAE-4A23-97EB-1BBE2E36BAEA}.Debug|Any CPU.ActiveCfg = Debug|Any CPU
		{712F52C8-6EAE-4A23-97EB-1BBE2E36BAEA}.Debug|Any CPU.Build.0 = Debug|Any CPU
		{712F52C8-6EAE-4A23-97EB-1BBE2E36BAEA}.Release|Any CPU.ActiveCfg = Release|Any CPU
		{712F52C8-6EAE-4A23-97EB-1BBE2E36BAEA}.Release|Any CPU.Build.0 = Release|Any CPU
	EndGlobalSection
	GlobalSection(SolutionProperties) = preSolution
		HideSolutionNode = FALSE
	EndGlobalSection
EndGlobal
